
Microsoft Visual Studio Solution File, Format Version 12.00
# Visual Studio 15
VisualStudioVersion = 15.0.26124.0
MinimumVisualStudioVersion = 15.0.26124.0
Project("{FAE04EC0-301F-11D3-BF4B-00C04F79EFBC}") = "Command", "Command\Command.csproj", "{AA40C583-8A2F-4F1F-A622-2534A012BD4C}"
EndProject
Project("{FAE04EC0-301F-11D3-BF4B-00C04F79EFBC}") = "Decorator", "Decorator\Decorator.csproj", "{AC856C0F-5D05-4AC4-9BF9-B5C0A76303E7}"
EndProject
Project("{FAE04EC0-301F-11D3-BF4B-00C04F79EFBC}") = "Strategy", "Strategy\Strategy.csproj", "{FF3970A3-97F4-4C51-A815-3B1B8DDFE9B9}"
EndProject
Global
	GlobalSection(SolutionConfigurationPlatforms) = preSolution
		Debug|Any CPU = Debug|Any CPU
		Debug|x64 = Debug|x64
		Debug|x86 = Debug|x86
		Release|Any CPU = Release|Any CPU
		Release|x64 = Release|x64
		Release|x86 = Release|x86
	EndGlobalSection
	GlobalSection(SolutionProperties) = preSolution
		HideSolutionNode = FALSE
	EndGlobalSection
	GlobalSection(ProjectConfigurationPlatforms) = postSolution
		{AA40C583-8A2F-4F1F-A622-2534A012BD4C}.Debug|Any CPU.ActiveCfg = Debug|Any CPU
		{AA40C583-8A2F-4F1F-A622-2534A012BD4C}.Debug|Any CPU.Build.0 = Debug|Any CPU
		{AA40C583-8A2F-4F1F-A622-2534A012BD4C}.Debug|x64.ActiveCfg = Debug|Any CPU
		{AA40C583-8A2F-4F1F-A622-2534A012BD4C}.Debug|x64.Build.0 = Debug|Any CPU
		{AA40C583-8A2F-4F1F-A622-2534A012BD4C}.Debug|x86.ActiveCfg = Debug|Any CPU
		{AA40C583-8A2F-4F1F-A622-2534A012BD4C}.Debug|x86.Build.0 = Debug|Any CPU
		{AA40C583-8A2F-4F1F-A622-2534A012BD4C}.Release|Any CPU.ActiveCfg = Release|Any CPU
		{AA40C583-8A2F-4F1F-A622-2534A012BD4C}.Release|Any CPU.Build.0 = Release|Any CPU
		{AA40C583-8A2F-4F1F-A622-2534A012BD4C}.Release|x64.ActiveCfg = Release|Any CPU
		{AA40C583-8A2F-4F1F-A622-2534A012BD4C}.Release|x64.Build.0 = Release|Any CPU
		{AA40C583-8A2F-4F1F-A622-2534A012BD4C}.Release|x86.ActiveCfg = Release|Any CPU
		{AA40C583-8A2F-4F1F-A622-2534A012BD4C}.Release|x86.Build.0 = Release|Any CPU
		{AC856C0F-5D05-4AC4-9BF9-B5C0A76303E7}.Debug|Any CPU.ActiveCfg = Debug|Any CPU
		{AC856C0F-5D05-4AC4-9BF9-B5C0A76303E7}.Debug|Any CPU.Build.0 = Debug|Any CPU
		{AC856C0F-5D05-4AC4-9BF9-B5C0A76303E7}.Debug|x64.ActiveCfg = Debug|Any CPU
		{AC856C0F-5D05-4AC4-9BF9-B5C0A76303E7}.Debug|x64.Build.0 = Debug|Any CPU
		{AC856C0F-5D05-4AC4-9BF9-B5C0A76303E7}.Debug|x86.ActiveCfg = Debug|Any CPU
		{AC856C0F-5D05-4AC4-9BF9-B5C0A76303E7}.Debug|x86.Build.0 = Debug|Any CPU
		{AC856C0F-5D05-4AC4-9BF9-B5C0A76303E7}.Release|Any CPU.ActiveCfg = Release|Any CPU
		{AC856C0F-5D05-4AC4-9BF9-B5C0A76303E7}.Release|Any CPU.Build.0 = Release|Any CPU
		{AC856C0F-5D05-4AC4-9BF9-B5C0A76303E7}.Release|x64.ActiveCfg = Release|Any CPU
		{AC856C0F-5D05-4AC4-9BF9-B5C0A76303E7}.Release|x64.Build.0 = Release|Any CPU
		{AC856C0F-5D05-4AC4-9BF9-B5C0A76303E7}.Release|x86.ActiveCfg = Release|Any CPU
		{AC856C0F-5D05-4AC4-9BF9-B5C0A76303E7}.Release|x86.Build.0 = Release|Any CPU
		{FF3970A3-97F4-4C51-A815-3B1B8DDFE9B9}.Debug|Any CPU.ActiveCfg = Debug|Any CPU
		{FF3970A3-97F4-4C51-A815-3B1B8DDFE9B9}.Debug|Any CPU.Build.0 = Debug|Any CPU
		{FF3970A3-97F4-4C51-A815-3B1B8DDFE9B9}.Debug|x64.ActiveCfg = Debug|Any CPU
		{FF3970A3-97F4-4C51-A815-3B1B8DDFE9B9}.Debug|x64.Build.0 = Debug|Any CPU
		{FF3970A3-97F4-4C51-A815-3B1B8DDFE9B9}.Debug|x86.ActiveCfg = Debug|Any CPU
		{FF3970A3-97F4-4C51-A815-3B1B8DDFE9B9}.Debug|x86.Build.0 = Debug|Any CPU
		{FF3970A3-97F4-4C51-A815-3B1B8DDFE9B9}.Release|Any CPU.ActiveCfg = Release|Any CPU
		{FF3970A3-97F4-4C51-A815-3B1B8DDFE9B9}.Release|Any CPU.Build.0 = Release|Any CPU
		{FF3970A3-97F4-4C51-A815-3B1B8DDFE9B9}.Release|x64.ActiveCfg = Release|Any CPU
		{FF3970A3-97F4-4C51-A815-3B1B8DDFE9B9}.Release|x64.Build.0 = Release|Any CPU
		{FF3970A3-97F4-4C51-A815-3B1B8DDFE9B9}.Release|x86.ActiveCfg = Release|Any CPU
		{FF3970A3-97F4-4C51-A815-3B1B8DDFE9B9}.Release|x86.Build.0 = Release|Any CPU
	EndGlobalSection
EndGlobal
