
Microsoft Visual Studio Solution File, Format Version 12.00
# Visual Studio 15
VisualStudioVersion = 15.0.26124.0
MinimumVisualStudioVersion = 15.0.26124.0
Project("{FAE04EC0-301F-11D3-BF4B-00C04F79EFBC}") = "Command", "Command\Command.csproj", "{AA40C583-8A2F-4F1F-A622-2534A012BD4C}"
EndProject
Project("{FAE04EC0-301F-11D3-BF4B-00C04F79EFBC}") = "Decorator", "Decorator\Decorator.csproj", "{AC856C0F-5D05-4AC4-9BF9-B5C0A76303E7}"
EndProject
Project("{FAE04EC0-301F-11D3-BF4B-00C04F79EFBC}") = "Strategy", "Strategy\Strategy.csproj", "{FF3970A3-97F4-4C51-A815-3B1B8DDFE9B9}"
EndProject
Project("{FAE04EC0-301F-11D3-BF4B-00C04F79EFBC}") = "Memento", "Memento\Memento.csproj", "{C55BBBB1-777D-42F0-B89A-838907148A88}"
EndProject
Project("{FAE04EC0-301F-11D3-BF4B-00C04F79EFBC}") = "TemplateMethod", "TemplateMethod\TemplateMethod.csproj", "{CAC36B82-AE09-4F44-863D-5E04D87F46B9}"
EndProject
Project("{FAE04EC0-301F-11D3-BF4B-00C04F79EFBC}") = "Observer", "Observer\Observer.csproj", "{D3035D73-BF6B-4FDC-A077-6FF0F8C62EA5}"
EndProject
Project("{FAE04EC0-301F-11D3-BF4B-00C04F79EFBC}") = "Visitor", "Visitor\Visitor.csproj", "{06CAB4C8-CC48-4ABB-B884-7EB0A73281FB}"
EndProject
Project("{2150E333-8FDC-42A3-9474-1A3956D46DE8}") = "ChainOfResponsability", "ChainOfResponsability", "{303C7727-5D63-4A17-BBAE-5514D1E2D8ED}"
EndProject
Project("{FAE04EC0-301F-11D3-BF4B-00C04F79EFBC}") = "ChainOfResponsability", "ChainOfResponsability\src\ChainOfResponsability.csproj", "{45191410-24C2-41A7-BA26-ABC0BBA73209}"
EndProject
Global
	GlobalSection(SolutionConfigurationPlatforms) = preSolution
		Debug|Any CPU = Debug|Any CPU
		Debug|x64 = Debug|x64
		Debug|x86 = Debug|x86
		Release|Any CPU = Release|Any CPU
		Release|x64 = Release|x64
		Release|x86 = Release|x86
	EndGlobalSection
	GlobalSection(SolutionProperties) = preSolution
		HideSolutionNode = FALSE
	EndGlobalSection
	GlobalSection(ProjectConfigurationPlatforms) = postSolution
		{AA40C583-8A2F-4F1F-A622-2534A012BD4C}.Debug|Any CPU.ActiveCfg = Debug|Any CPU
		{AA40C583-8A2F-4F1F-A622-2534A012BD4C}.Debug|Any CPU.Build.0 = Debug|Any CPU
		{AA40C583-8A2F-4F1F-A622-2534A012BD4C}.Debug|x64.ActiveCfg = Debug|Any CPU
		{AA40C583-8A2F-4F1F-A622-2534A012BD4C}.Debug|x64.Build.0 = Debug|Any CPU
		{AA40C583-8A2F-4F1F-A622-2534A012BD4C}.Debug|x86.ActiveCfg = Debug|Any CPU
		{AA40C583-8A2F-4F1F-A622-2534A012BD4C}.Debug|x86.Build.0 = Debug|Any CPU
		{AA40C583-8A2F-4F1F-A622-2534A012BD4C}.Release|Any CPU.ActiveCfg = Release|Any CPU
		{AA40C583-8A2F-4F1F-A622-2534A012BD4C}.Release|Any CPU.Build.0 = Release|Any CPU
		{AA40C583-8A2F-4F1F-A622-2534A012BD4C}.Release|x64.ActiveCfg = Release|Any CPU
		{AA40C583-8A2F-4F1F-A622-2534A012BD4C}.Release|x64.Build.0 = Release|Any CPU
		{AA40C583-8A2F-4F1F-A622-2534A012BD4C}.Release|x86.ActiveCfg = Release|Any CPU
		{AA40C583-8A2F-4F1F-A622-2534A012BD4C}.Release|x86.Build.0 = Release|Any CPU
		{AC856C0F-5D05-4AC4-9BF9-B5C0A76303E7}.Debug|Any CPU.ActiveCfg = Debug|Any CPU
		{AC856C0F-5D05-4AC4-9BF9-B5C0A76303E7}.Debug|Any CPU.Build.0 = Debug|Any CPU
		{AC856C0F-5D05-4AC4-9BF9-B5C0A76303E7}.Debug|x64.ActiveCfg = Debug|Any CPU
		{AC856C0F-5D05-4AC4-9BF9-B5C0A76303E7}.Debug|x64.Build.0 = Debug|Any CPU
		{AC856C0F-5D05-4AC4-9BF9-B5C0A76303E7}.Debug|x86.ActiveCfg = Debug|Any CPU
		{AC856C0F-5D05-4AC4-9BF9-B5C0A76303E7}.Debug|x86.Build.0 = Debug|Any CPU
		{AC856C0F-5D05-4AC4-9BF9-B5C0A76303E7}.Release|Any CPU.ActiveCfg = Release|Any CPU
		{AC856C0F-5D05-4AC4-9BF9-B5C0A76303E7}.Release|Any CPU.Build.0 = Release|Any CPU
		{AC856C0F-5D05-4AC4-9BF9-B5C0A76303E7}.Release|x64.ActiveCfg = Release|Any CPU
		{AC856C0F-5D05-4AC4-9BF9-B5C0A76303E7}.Release|x64.Build.0 = Release|Any CPU
		{AC856C0F-5D05-4AC4-9BF9-B5C0A76303E7}.Release|x86.ActiveCfg = Release|Any CPU
		{AC856C0F-5D05-4AC4-9BF9-B5C0A76303E7}.Release|x86.Build.0 = Release|Any CPU
		{FF3970A3-97F4-4C51-A815-3B1B8DDFE9B9}.Debug|Any CPU.ActiveCfg = Debug|Any CPU
		{FF3970A3-97F4-4C51-A815-3B1B8DDFE9B9}.Debug|Any CPU.Build.0 = Debug|Any CPU
		{FF3970A3-97F4-4C51-A815-3B1B8DDFE9B9}.Debug|x64.ActiveCfg = Debug|Any CPU
		{FF3970A3-97F4-4C51-A815-3B1B8DDFE9B9}.Debug|x64.Build.0 = Debug|Any CPU
		{FF3970A3-97F4-4C51-A815-3B1B8DDFE9B9}.Debug|x86.ActiveCfg = Debug|Any CPU
		{FF3970A3-97F4-4C51-A815-3B1B8DDFE9B9}.Debug|x86.Build.0 = Debug|Any CPU
		{FF3970A3-97F4-4C51-A815-3B1B8DDFE9B9}.Release|Any CPU.ActiveCfg = Release|Any CPU
		{FF3970A3-97F4-4C51-A815-3B1B8DDFE9B9}.Release|Any CPU.Build.0 = Release|Any CPU
		{FF3970A3-97F4-4C51-A815-3B1B8DDFE9B9}.Release|x64.ActiveCfg = Release|Any CPU
		{FF3970A3-97F4-4C51-A815-3B1B8DDFE9B9}.Release|x64.Build.0 = Release|Any CPU
		{FF3970A3-97F4-4C51-A815-3B1B8DDFE9B9}.Release|x86.ActiveCfg = Release|Any CPU
		{FF3970A3-97F4-4C51-A815-3B1B8DDFE9B9}.Release|x86.Build.0 = Release|Any CPU
		{C55BBBB1-777D-42F0-B89A-838907148A88}.Debug|Any CPU.ActiveCfg = Debug|Any CPU
		{C55BBBB1-777D-42F0-B89A-838907148A88}.Debug|Any CPU.Build.0 = Debug|Any CPU
		{C55BBBB1-777D-42F0-B89A-838907148A88}.Debug|x64.ActiveCfg = Debug|Any CPU
		{C55BBBB1-777D-42F0-B89A-838907148A88}.Debug|x64.Build.0 = Debug|Any CPU
		{C55BBBB1-777D-42F0-B89A-838907148A88}.Debug|x86.ActiveCfg = Debug|Any CPU
		{C55BBBB1-777D-42F0-B89A-838907148A88}.Debug|x86.Build.0 = Debug|Any CPU
		{C55BBBB1-777D-42F0-B89A-838907148A88}.Release|Any CPU.ActiveCfg = Release|Any CPU
		{C55BBBB1-777D-42F0-B89A-838907148A88}.Release|Any CPU.Build.0 = Release|Any CPU
		{C55BBBB1-777D-42F0-B89A-838907148A88}.Release|x64.ActiveCfg = Release|Any CPU
		{C55BBBB1-777D-42F0-B89A-838907148A88}.Release|x64.Build.0 = Release|Any CPU
		{C55BBBB1-777D-42F0-B89A-838907148A88}.Release|x86.ActiveCfg = Release|Any CPU
		{C55BBBB1-777D-42F0-B89A-838907148A88}.Release|x86.Build.0 = Release|Any CPU
		{CAC36B82-AE09-4F44-863D-5E04D87F46B9}.Debug|Any CPU.ActiveCfg = Debug|Any CPU
		{CAC36B82-AE09-4F44-863D-5E04D87F46B9}.Debug|Any CPU.Build.0 = Debug|Any CPU
		{CAC36B82-AE09-4F44-863D-5E04D87F46B9}.Debug|x64.ActiveCfg = Debug|Any CPU
		{CAC36B82-AE09-4F44-863D-5E04D87F46B9}.Debug|x64.Build.0 = Debug|Any CPU
		{CAC36B82-AE09-4F44-863D-5E04D87F46B9}.Debug|x86.ActiveCfg = Debug|Any CPU
		{CAC36B82-AE09-4F44-863D-5E04D87F46B9}.Debug|x86.Build.0 = Debug|Any CPU
		{CAC36B82-AE09-4F44-863D-5E04D87F46B9}.Release|Any CPU.ActiveCfg = Release|Any CPU
		{CAC36B82-AE09-4F44-863D-5E04D87F46B9}.Release|Any CPU.Build.0 = Release|Any CPU
		{CAC36B82-AE09-4F44-863D-5E04D87F46B9}.Release|x64.ActiveCfg = Release|Any CPU
		{CAC36B82-AE09-4F44-863D-5E04D87F46B9}.Release|x64.Build.0 = Release|Any CPU
		{CAC36B82-AE09-4F44-863D-5E04D87F46B9}.Release|x86.ActiveCfg = Release|Any CPU
		{CAC36B82-AE09-4F44-863D-5E04D87F46B9}.Release|x86.Build.0 = Release|Any CPU
		{D3035D73-BF6B-4FDC-A077-6FF0F8C62EA5}.Debug|Any CPU.ActiveCfg = Debug|Any CPU
		{D3035D73-BF6B-4FDC-A077-6FF0F8C62EA5}.Debug|Any CPU.Build.0 = Debug|Any CPU
		{D3035D73-BF6B-4FDC-A077-6FF0F8C62EA5}.Debug|x64.ActiveCfg = Debug|Any CPU
		{D3035D73-BF6B-4FDC-A077-6FF0F8C62EA5}.Debug|x64.Build.0 = Debug|Any CPU
		{D3035D73-BF6B-4FDC-A077-6FF0F8C62EA5}.Debug|x86.ActiveCfg = Debug|Any CPU
		{D3035D73-BF6B-4FDC-A077-6FF0F8C62EA5}.Debug|x86.Build.0 = Debug|Any CPU
		{D3035D73-BF6B-4FDC-A077-6FF0F8C62EA5}.Release|Any CPU.ActiveCfg = Release|Any CPU
		{D3035D73-BF6B-4FDC-A077-6FF0F8C62EA5}.Release|Any CPU.Build.0 = Release|Any CPU
		{D3035D73-BF6B-4FDC-A077-6FF0F8C62EA5}.Release|x64.ActiveCfg = Release|Any CPU
		{D3035D73-BF6B-4FDC-A077-6FF0F8C62EA5}.Release|x64.Build.0 = Release|Any CPU
		{D3035D73-BF6B-4FDC-A077-6FF0F8C62EA5}.Release|x86.ActiveCfg = Release|Any CPU
		{D3035D73-BF6B-4FDC-A077-6FF0F8C62EA5}.Release|x86.Build.0 = Release|Any CPU
		{06CAB4C8-CC48-4ABB-B884-7EB0A73281FB}.Debug|Any CPU.ActiveCfg = Debug|Any CPU
		{06CAB4C8-CC48-4ABB-B884-7EB0A73281FB}.Debug|Any CPU.Build.0 = Debug|Any CPU
		{06CAB4C8-CC48-4ABB-B884-7EB0A73281FB}.Debug|x64.ActiveCfg = Debug|Any CPU
		{06CAB4C8-CC48-4ABB-B884-7EB0A73281FB}.Debug|x64.Build.0 = Debug|Any CPU
		{06CAB4C8-CC48-4ABB-B884-7EB0A73281FB}.Debug|x86.ActiveCfg = Debug|Any CPU
		{06CAB4C8-CC48-4ABB-B884-7EB0A73281FB}.Debug|x86.Build.0 = Debug|Any CPU
		{06CAB4C8-CC48-4ABB-B884-7EB0A73281FB}.Release|Any CPU.ActiveCfg = Release|Any CPU
		{06CAB4C8-CC48-4ABB-B884-7EB0A73281FB}.Release|Any CPU.Build.0 = Release|Any CPU
		{06CAB4C8-CC48-4ABB-B884-7EB0A73281FB}.Release|x64.ActiveCfg = Release|Any CPU
		{06CAB4C8-CC48-4ABB-B884-7EB0A73281FB}.Release|x64.Build.0 = Release|Any CPU
		{06CAB4C8-CC48-4ABB-B884-7EB0A73281FB}.Release|x86.ActiveCfg = Release|Any CPU
		{06CAB4C8-CC48-4ABB-B884-7EB0A73281FB}.Release|x86.Build.0 = Release|Any CPU
		{45191410-24C2-41A7-BA26-ABC0BBA73209}.Debug|Any CPU.ActiveCfg = Debug|Any CPU
		{45191410-24C2-41A7-BA26-ABC0BBA73209}.Debug|Any CPU.Build.0 = Debug|Any CPU
		{45191410-24C2-41A7-BA26-ABC0BBA73209}.Debug|x64.ActiveCfg = Debug|Any CPU
		{45191410-24C2-41A7-BA26-ABC0BBA73209}.Debug|x64.Build.0 = Debug|Any CPU
		{45191410-24C2-41A7-BA26-ABC0BBA73209}.Debug|x86.ActiveCfg = Debug|Any CPU
		{45191410-24C2-41A7-BA26-ABC0BBA73209}.Debug|x86.Build.0 = Debug|Any CPU
		{45191410-24C2-41A7-BA26-ABC0BBA73209}.Release|Any CPU.ActiveCfg = Release|Any CPU
		{45191410-24C2-41A7-BA26-ABC0BBA73209}.Release|Any CPU.Build.0 = Release|Any CPU
		{45191410-24C2-41A7-BA26-ABC0BBA73209}.Release|x64.ActiveCfg = Release|Any CPU
		{45191410-24C2-41A7-BA26-ABC0BBA73209}.Release|x64.Build.0 = Release|Any CPU
		{45191410-24C2-41A7-BA26-ABC0BBA73209}.Release|x86.ActiveCfg = Release|Any CPU
		{45191410-24C2-41A7-BA26-ABC0BBA73209}.Release|x86.Build.0 = Release|Any CPU
	EndGlobalSection
	GlobalSection(NestedProjects) = preSolution
		{45191410-24C2-41A7-BA26-ABC0BBA73209} = {303C7727-5D63-4A17-BBAE-5514D1E2D8ED}
	EndGlobalSection
EndGlobal
